
Microsoft Visual Studio Solution File, Format Version 12.00
Project("{FAE04EC0-301F-11D3-BF4B-00C04F79EFBC}") = "Escopo", "Escopo\Escopo.csproj", "{58DD7761-815B-4AF0-B0B9-B947CF01ABAD}"
EndProject
Global
	GlobalSection(SolutionConfigurationPlatforms) = preSolution
		Debug|Any CPU = Debug|Any CPU
		Release|Any CPU = Release|Any CPU
	EndGlobalSection
	GlobalSection(ProjectConfigurationPlatforms) = postSolution
		{58DD7761-815B-4AF0-B0B9-B947CF01ABAD}.Debug|Any CPU.ActiveCfg = Debug|Any CPU
		{58DD7761-815B-4AF0-B0B9-B947CF01ABAD}.Debug|Any CPU.Build.0 = Debug|Any CPU
		{58DD7761-815B-4AF0-B0B9-B947CF01ABAD}.Release|Any CPU.ActiveCfg = Release|Any CPU
		{58DD7761-815B-4AF0-B0B9-B947CF01ABAD}.Release|Any CPU.Build.0 = Release|Any CPU
	EndGlobalSection
EndGlobal
