
Microsoft Visual Studio Solution File, Format Version 12.00
Project("{FAE04EC0-301F-11D3-BF4B-00C04F79EFBC}") = "Condicionais2", "Condicionais2\Condicionais2.csproj", "{D42109E3-0A46-440A-82EC-ADACB458A6A0}"
EndProject
Global
	GlobalSection(SolutionConfigurationPlatforms) = preSolution
		Debug|Any CPU = Debug|Any CPU
		Release|Any CPU = Release|Any CPU
	EndGlobalSection
	GlobalSection(ProjectConfigurationPlatforms) = postSolution
		{D42109E3-0A46-440A-82EC-ADACB458A6A0}.Debug|Any CPU.ActiveCfg = Debug|Any CPU
		{D42109E3-0A46-440A-82EC-ADACB458A6A0}.Debug|Any CPU.Build.0 = Debug|Any CPU
		{D42109E3-0A46-440A-82EC-ADACB458A6A0}.Release|Any CPU.ActiveCfg = Release|Any CPU
		{D42109E3-0A46-440A-82EC-ADACB458A6A0}.Release|Any CPU.Build.0 = Release|Any CPU
	EndGlobalSection
EndGlobal
